{
  "requires": true,
  "lockfileVersion": 1,
  "dependencies": {
    "ionic-pagseguro": {
      "version": "1.0.2",
      "resolved": "https://registry.npmjs.org/ionic-pagseguro/-/ionic-pagseguro-1.0.2.tgz",
      "integrity": "sha512-OaQHgmvtoiy+ZOFOKYQvMhHo11JaG/bfOlPyD4F1/Zudlaw/P96QUJKrrQY/hbTrel1PCSyVkDXeJDo6tn0EWw=="
    }
  }
}
